
Microsoft Visual Studio Solution File, Format Version 12.00
# Visual Studio 15
VisualStudioVersion = 15.0.26730.3
MinimumVisualStudioVersion = 10.0.40219.1
Project("{FAE04EC0-301F-11D3-BF4B-00C04F79EFBC}") = "Net.Core.Demo", "Net.Core.Demo\Net.Core.Demo.csproj", "{D9A72ABA-1FF4-490E-A5C8-C4C789CC0C7F}"
EndProject
Global
	GlobalSection(SolutionConfigurationPlatforms) = preSolution
		Debug|Any CPU = Debug|Any CPU
		Release|Any CPU = Release|Any CPU
	EndGlobalSection
	GlobalSection(ProjectConfigurationPlatforms) = postSolution
		{D9A72ABA-1FF4-490E-A5C8-C4C789CC0C7F}.Debug|Any CPU.ActiveCfg = Debug|Any CPU
		{D9A72ABA-1FF4-490E-A5C8-C4C789CC0C7F}.Debug|Any CPU.Build.0 = Debug|Any CPU
		{D9A72ABA-1FF4-490E-A5C8-C4C789CC0C7F}.Release|Any CPU.ActiveCfg = Release|Any CPU
		{D9A72ABA-1FF4-490E-A5C8-C4C789CC0C7F}.Release|Any CPU.Build.0 = Release|Any CPU
	EndGlobalSection
	GlobalSection(SolutionProperties) = preSolution
		HideSolutionNode = FALSE
	EndGlobalSection
	GlobalSection(ExtensibilityGlobals) = postSolution
		SolutionGuid = {1D5B18F5-5ED0-4B42-B3A4-F3E44C0D3108}
	EndGlobalSection
EndGlobal
